
Microsoft Visual Studio Solution File, Format Version 12.00
# Visual Studio Version 17
VisualStudioVersion = 17.3.32922.545
MinimumVisualStudioVersion = 10.0.40219.1
Project("{9A19103F-16F7-4668-BE54-9A1E7A4F7556}") = "EnergyStarX", "EnergyStarX\EnergyStarX.csproj", "{F1399A8D-EBC0-48DD-855E-C9A92B6C4DF2}"
EndProject
Project("{9A19103F-16F7-4668-BE54-9A1E7A4F7556}") = "EnergyStarX.Core", "EnergyStarX.Core\EnergyStarX.Core.csproj", "{B6332146-BA4E-452C-AD40-16DF4EC52603}"
EndProject
Global
	GlobalSection(SolutionConfigurationPlatforms) = preSolution
		Debug|Any CPU = Debug|Any CPU
		Debug|arm64 = Debug|arm64
		Debug|x64 = Debug|x64
		Debug|x86 = Debug|x86
		Release|Any CPU = Release|Any CPU
		Release|arm64 = Release|arm64
		Release|x64 = Release|x64
		Release|x86 = Release|x86
	EndGlobalSection
	GlobalSection(ProjectConfigurationPlatforms) = postSolution
		{F1399A8D-EBC0-48DD-855E-C9A92B6C4DF2}.Debug|Any CPU.ActiveCfg = Debug|x64
		{F1399A8D-EBC0-48DD-855E-C9A92B6C4DF2}.Debug|Any CPU.Build.0 = Debug|x64
		{F1399A8D-EBC0-48DD-855E-C9A92B6C4DF2}.Debug|Any CPU.Deploy.0 = Debug|x64
		{F1399A8D-EBC0-48DD-855E-C9A92B6C4DF2}.Debug|arm64.ActiveCfg = Debug|arm64
		{F1399A8D-EBC0-48DD-855E-C9A92B6C4DF2}.Debug|arm64.Build.0 = Debug|arm64
		{F1399A8D-EBC0-48DD-855E-C9A92B6C4DF2}.Debug|arm64.Deploy.0 = Debug|arm64
		{F1399A8D-EBC0-48DD-855E-C9A92B6C4DF2}.Debug|x64.ActiveCfg = Debug|x64
		{F1399A8D-EBC0-48DD-855E-C9A92B6C4DF2}.Debug|x64.Build.0 = Debug|x64
		{F1399A8D-EBC0-48DD-855E-C9A92B6C4DF2}.Debug|x64.Deploy.0 = Debug|x64
		{F1399A8D-EBC0-48DD-855E-C9A92B6C4DF2}.Debug|x86.ActiveCfg = Debug|x86
		{F1399A8D-EBC0-48DD-855E-C9A92B6C4DF2}.Debug|x86.Build.0 = Debug|x86
		{F1399A8D-EBC0-48DD-855E-C9A92B6C4DF2}.Debug|x86.Deploy.0 = Debug|x86
		{F1399A8D-EBC0-48DD-855E-C9A92B6C4DF2}.Release|Any CPU.ActiveCfg = Release|x64
		{F1399A8D-EBC0-48DD-855E-C9A92B6C4DF2}.Release|Any CPU.Build.0 = Release|x64
		{F1399A8D-EBC0-48DD-855E-C9A92B6C4DF2}.Release|Any CPU.Deploy.0 = Release|x64
		{F1399A8D-EBC0-48DD-855E-C9A92B6C4DF2}.Release|arm64.ActiveCfg = Release|arm64
		{F1399A8D-EBC0-48DD-855E-C9A92B6C4DF2}.Release|arm64.Build.0 = Release|arm64
		{F1399A8D-EBC0-48DD-855E-C9A92B6C4DF2}.Release|arm64.Deploy.0 = Release|arm64
		{F1399A8D-EBC0-48DD-855E-C9A92B6C4DF2}.Release|x64.ActiveCfg = Release|x64
		{F1399A8D-EBC0-48DD-855E-C9A92B6C4DF2}.Release|x64.Build.0 = Release|x64
		{F1399A8D-EBC0-48DD-855E-C9A92B6C4DF2}.Release|x64.Deploy.0 = Release|x64
		{F1399A8D-EBC0-48DD-855E-C9A92B6C4DF2}.Release|x86.ActiveCfg = Release|x86
		{F1399A8D-EBC0-48DD-855E-C9A92B6C4DF2}.Release|x86.Build.0 = Release|x86
		{F1399A8D-EBC0-48DD-855E-C9A92B6C4DF2}.Release|x86.Deploy.0 = Release|x86
		{B6332146-BA4E-452C-AD40-16DF4EC52603}.Debug|Any CPU.ActiveCfg = Debug|Any CPU
		{B6332146-BA4E-452C-AD40-16DF4EC52603}.Debug|Any CPU.Build.0 = Debug|Any CPU
		{B6332146-BA4E-452C-AD40-16DF4EC52603}.Debug|arm64.ActiveCfg = Debug|arm64
		{B6332146-BA4E-452C-AD40-16DF4EC52603}.Debug|arm64.Build.0 = Debug|arm64
		{B6332146-BA4E-452C-AD40-16DF4EC52603}.Debug|x64.ActiveCfg = Debug|x64
		{B6332146-BA4E-452C-AD40-16DF4EC52603}.Debug|x64.Build.0 = Debug|x64
		{B6332146-BA4E-452C-AD40-16DF4EC52603}.Debug|x86.ActiveCfg = Debug|x86
		{B6332146-BA4E-452C-AD40-16DF4EC52603}.Debug|x86.Build.0 = Debug|x86
		{B6332146-BA4E-452C-AD40-16DF4EC52603}.Release|Any CPU.ActiveCfg = Release|Any CPU
		{B6332146-BA4E-452C-AD40-16DF4EC52603}.Release|Any CPU.Build.0 = Release|Any CPU
		{B6332146-BA4E-452C-AD40-16DF4EC52603}.Release|arm64.ActiveCfg = Release|arm64
		{B6332146-BA4E-452C-AD40-16DF4EC52603}.Release|arm64.Build.0 = Release|arm64
		{B6332146-BA4E-452C-AD40-16DF4EC52603}.Release|x64.ActiveCfg = Release|x64
		{B6332146-BA4E-452C-AD40-16DF4EC52603}.Release|x64.Build.0 = Release|x64
		{B6332146-BA4E-452C-AD40-16DF4EC52603}.Release|x86.ActiveCfg = Release|x86
		{B6332146-BA4E-452C-AD40-16DF4EC52603}.Release|x86.Build.0 = Release|x86
	EndGlobalSection
	GlobalSection(SolutionProperties) = preSolution
		HideSolutionNode = FALSE
	EndGlobalSection
	GlobalSection(ExtensibilityGlobals) = postSolution
		SolutionGuid = {4706A7BA-E071-437C-AC32-0EBD46902CFE}
	EndGlobalSection
EndGlobal
